// !$*UTF8*$!
{
	archiveVersion = 1;
	classes = {
	};
	objectVersion = 56;
	objects = {

/* Begin PBXBuildFile section */
		1C518E9B2A30A66B00B2C311 /* Assets.xcassets in Resources */ = {isa = PBXBuildFile; fileRef = 1C518E9A2A30A66B00B2C311 /* Assets.xcassets */; };
		1C518EA92A30A66B00B2C311 /* LittleLemonResturantAppTests.swift in Sources */ = {isa = PBXBuildFile; fileRef = 1C518EA82A30A66B00B2C311 /* LittleLemonResturantAppTests.swift */; };
		1C518EB32A30A66B00B2C311 /* LittleLemonResturantAppUITests.swift in Sources */ = {isa = PBXBuildFile; fileRef = 1C518EB22A30A66B00B2C311 /* LittleLemonResturantAppUITests.swift */; };
		1C518EB52A30A66B00B2C311 /* LittleLemonResturantAppUITestsLaunchTests.swift in Sources */ = {isa = PBXBuildFile; fileRef = 1C518EB42A30A66B00B2C311 /* LittleLemonResturantAppUITestsLaunchTests.swift */; };
/* End PBXBuildFile section */

/* Begin PBXContainerItemProxy section */
		1C518EA52A30A66B00B2C311 /* PBXContainerItemProxy */ = {
			isa = PBXContainerItemProxy;
			containerPortal = 1C518E862A30A66900B2C311 /* Project object */;
			proxyType = 1;
			remoteGlobalIDString = 1C518E8D2A30A66900B2C311;
			remoteInfo = LittleLemonResturantApp;
		};
		1C518EAF2A30A66B00B2C311 /* PBXContainerItemProxy */ = {
			isa = PBXContainerItemProxy;
			containerPortal = 1C518E862A30A66900B2C311 /* Project object */;
			proxyType = 1;
			remoteGlobalIDString = 1C518E8D2A30A66900B2C311;
			remoteInfo = LittleLemonResturantApp;
		};
/* End PBXContainerItemProxy section */

/* Begin PBXFileReference section */
		1C518E8E2A30A66A00B2C311 /* LittleLemonResturantApp.app */ = {isa = PBXFileReference; explicitFileType = wrapper.application; includeInIndex = 0; path = LittleLemonResturantApp.app; sourceTree = BUILT_PRODUCTS_DIR; };
		1C518E9A2A30A66B00B2C311 /* Assets.xcassets */ = {isa = PBXFileReference; lastKnownFileType = folder.assetcatalog; path = Assets.xcassets; sourceTree = "<group>"; };
		1C518E9F2A30A66B00B2C311 /* Info.plist */ = {isa = PBXFileReference; lastKnownFileType = text.plist.xml; path = Info.plist; sourceTree = "<group>"; };
		1C518EA42A30A66B00B2C311 /* LittleLemonResturantAppTests.xctest */ = {isa = PBXFileReference; explicitFileType = wrapper.cfbundle; includeInIndex = 0; path = LittleLemonResturantAppTests.xctest; sourceTree = BUILT_PRODUCTS_DIR; };
		1C518EA82A30A66B00B2C311 /* LittleLemonResturantAppTests.swift */ = {isa = PBXFileReference; lastKnownFileType = sourcecode.swift; path = LittleLemonResturantAppTests.swift; sourceTree = "<group>"; };
		1C518EAE2A30A66B00B2C311 /* LittleLemonResturantAppUITests.xctest */ = {isa = PBXFileReference; explicitFileType = wrapper.cfbundle; includeInIndex = 0; path = LittleLemonResturantAppUITests.xctest; sourceTree = BUILT_PRODUCTS_DIR; };
		1C518EB22A30A66B00B2C311 /* LittleLemonResturantAppUITests.swift */ = {isa = PBXFileReference; lastKnownFileType = sourcecode.swift; path = LittleLemonResturantAppUITests.swift; sourceTree = "<group>"; };
		1C518EB42A30A66B00B2C311 /* LittleLemonResturantAppUITestsLaunchTests.swift */ = {isa = PBXFileReference; lastKnownFileType = sourcecode.swift; path = LittleLemonResturantAppUITestsLaunchTests.swift; sourceTree = "<group>"; };
/* End PBXFileReference section */

/* Begin PBXFrameworksBuildPhase section */
		1C518E8B2A30A66900B2C311 /* Frameworks */ = {
			isa = PBXFrameworksBuildPhase;
			buildActionMask = 2147483647;
			files = (
			);
			runOnlyForDeploymentPostprocessing = 0;
		};
		1C518EA12A30A66B00B2C311 /* Frameworks */ = {
			isa = PBXFrameworksBuildPhase;
			buildActionMask = 2147483647;
			files = (
			);
			runOnlyForDeploymentPostprocessing = 0;
		};
		1C518EAB2A30A66B00B2C311 /* Frameworks */ = {
			isa = PBXFrameworksBuildPhase;
			buildActionMask = 2147483647;
			files = (
			);
			runOnlyForDeploymentPostprocessing = 0;
		};
/* End PBXFrameworksBuildPhase section */

/* Begin PBXGroup section */
		1C518E852A30A66900B2C311 = {
			isa = PBXGroup;
			children = (
				1C518E902A30A66A00B2C311 /* LittleLemonResturantApp */,
				1C518EA72A30A66B00B2C311 /* LittleLemonResturantAppTests */,
				1C518EB12A30A66B00B2C311 /* LittleLemonResturantAppUITests */,
				1C518E8F2A30A66A00B2C311 /* Products */,
			);
			sourceTree = "<group>";
		};
		1C518E8F2A30A66A00B2C311 /* Products */ = {
			isa = PBXGroup;
			children = (
				1C518E8E2A30A66A00B2C311 /* LittleLemonResturantApp.app */,
				1C518EA42A30A66B00B2C311 /* LittleLemonResturantAppTests.xctest */,
				1C518EAE2A30A66B00B2C311 /* LittleLemonResturantAppUITests.xctest */,
			);
			name = Products;
			sourceTree = "<group>";
		};
		1C518E902A30A66A00B2C311 /* LittleLemonResturantApp */ = {
			isa = PBXGroup;
			children = (
				1C518E9A2A30A66B00B2C311 /* Assets.xcassets */,
				1C518E9F2A30A66B00B2C311 /* Info.plist */,
			);
			path = LittleLemonResturantApp;
			sourceTree = "<group>";
		};
		1C518EA72A30A66B00B2C311 /* LittleLemonResturantAppTests */ = {
			isa = PBXGroup;
			children = (
				1C518EA82A30A66B00B2C311 /* LittleLemonResturantAppTests.swift */,
			);
			path = LittleLemonResturantAppTests;
			sourceTree = "<group>";
		};
		1C518EB12A30A66B00B2C311 /* LittleLemonResturantAppUITests */ = {
			isa = PBXGroup;
			children = (
				1C518EB22A30A66B00B2C311 /* LittleLemonResturantAppUITests.swift */,
				1C518EB42A30A66B00B2C311 /* LittleLemonResturantAppUITestsLaunchTests.swift */,
			);
			path = LittleLemonResturantAppUITests;
			sourceTree = "<group>";
		};
/* End PBXGroup section */

/* Begin PBXNativeTarget section */
		1C518E8D2A30A66900B2C311 /* LittleLemonResturantApp */ = {
			isa = PBXNativeTarget;
			buildConfigurationList = 1C518EB82A30A66B00B2C311 /* Build configuration list for PBXNativeTarget "LittleLemonResturantApp" */;
			buildPhases = (
				1C518E8A2A30A66900B2C311 /* Sources */,
				1C518E8B2A30A66900B2C311 /* Frameworks */,
				1C518E8C2A30A66900B2C311 /* Resources */,
			);
			buildRules = (
			);
			dependencies = (
			);
			name = LittleLemonResturantApp;
			productName = LittleLemonResturantApp;
			productReference = 1C518E8E2A30A66A00B2C311 /* LittleLemonResturantApp.app */;
			productType = "com.apple.product-type.application";
		};
		1C518EA32A30A66B00B2C311 /* LittleLemonResturantAppTests */ = {
			isa = PBXNativeTarget;
			buildConfigurationList = 1C518EBB2A30A66B00B2C311 /* Build configuration list for PBXNativeTarget "LittleLemonResturantAppTests" */;
			buildPhases = (
				1C518EA02A30A66B00B2C311 /* Sources */,
				1C518EA12A30A66B00B2C311 /* Frameworks */,
				1C518EA22A30A66B00B2C311 /* Resources */,
			);
			buildRules = (
			);
			dependencies = (
				1C518EA62A30A66B00B2C311 /* PBXTargetDependency */,
			);
			name = LittleLemonResturantAppTests;
			productName = LittleLemonResturantAppTests;
			productReference = 1C518EA42A30A66B00B2C311 /* LittleLemonResturantAppTests.xctest */;
			productType = "com.apple.product-type.bundle.unit-test";
		};
		1C518EAD2A30A66B00B2C311 /* LittleLemonResturantAppUITests */ = {
			isa = PBXNativeTarget;
			buildConfigurationList = 1C518EBE2A30A66B00B2C311 /* Build configuration list for PBXNativeTarget "LittleLemonResturantAppUITests" */;
			buildPhases = (
				1C518EAA2A30A66B00B2C311 /* Sources */,
				1C518EAB2A30A66B00B2C311 /* Frameworks */,
				1C518EAC2A30A66B00B2C311 /* Resources */,
			);
			buildRules = (
			);
			dependencies = (
				1C518EB02A30A66B00B2C311 /* PBXTargetDependency */,
			);
			name = LittleLemonResturantAppUITests;
			productName = LittleLemonResturantAppUITests;
			productReference = 1C518EAE2A30A66B00B2C311 /* LittleLemonResturantAppUITests.xctest */;
			productType = "com.apple.product-type.bundle.ui-testing";
		};
/* End PBXNativeTarget section */

/* Begin PBXProject section */
		1C518E862A30A66900B2C311 /* Project object */ = {
			isa = PBXProject;
			attributes = {
				BuildIndependentTargetsInParallel = 1;
				LastSwiftUpdateCheck = 1430;
				LastUpgradeCheck = 1430;
				TargetAttributes = {
					1C518E8D2A30A66900B2C311 = {
						CreatedOnToolsVersion = 14.3.1;
					};
					1C518EA32A30A66B00B2C311 = {
						CreatedOnToolsVersion = 14.3.1;
						TestTargetID = 1C518E8D2A30A66900B2C311;
					};
					1C518EAD2A30A66B00B2C311 = {
						CreatedOnToolsVersion = 14.3.1;
						TestTargetID = 1C518E8D2A30A66900B2C311;
					};
				};
			};
			buildConfigurationList = 1C518E892A30A66900B2C311 /* Build configuration list for PBXProject "LittleLemonResturantApp" */;
			compatibilityVersion = "Xcode 14.0";
			developmentRegion = en;
			hasScannedForEncodings = 0;
			knownRegions = (
				en,
				Base,
			);
			mainGroup = 1C518E852A30A66900B2C311;
			productRefGroup = 1C518E8F2A30A66A00B2C311 /* Products */;
			projectDirPath = "";
			projectRoot = "";
			targets = (
				1C518E8D2A30A66900B2C311 /* LittleLemonResturantApp */,
				1C518EA32A30A66B00B2C311 /* LittleLemonResturantAppTests */,
				1C518EAD2A30A66B00B2C311 /* LittleLemonResturantAppUITests */,
			);
		};
/* End PBXProject section */

/* Begin PBXResourcesBuildPhase section */
		1C518E8C2A30A66900B2C311 /* Resources */ = {
			isa = PBXResourcesBuildPhase;
			buildActionMask = 2147483647;
			files = (
				1C518E9B2A30A66B00B2C311 /* Assets.xcassets in Resources */,
			);
			runOnlyForDeploymentPostprocessing = 0;
		};
		1C518EA22A30A66B00B2C311 /* Resources */ = {
			isa = PBXResourcesBuildPhase;
			buildActionMask = 2147483647;
			files = (
			);
			runOnlyForDeploymentPostprocessing = 0;
		};
		1C518EAC2A30A66B00B2C311 /* Resources */ = {
			isa = PBXResourcesBuildPhase;
			buildActionMask = 2147483647;
			files = (
			);
			runOnlyForDeploymentPostprocessing = 0;
		};
/* End PBXResourcesBuildPhase section */

/* Begin PBXSourcesBuildPhase section */
		1C518E8A2A30A66900B2C311 /* Sources */ = {
			isa = PBXSourcesBuildPhase;
			buildActionMask = 2147483647;
			files = (
			);
			runOnlyForDeploymentPostprocessing = 0;
		};
		1C518EA02A30A66B00B2C311 /* Sources */ = {
			isa = PBXSourcesBuildPhase;
			buildActionMask = 2147483647;
			files = (
				1C518EA92A30A66B00B2C311 /* LittleLemonResturantAppTests.swift in Sources */,
			);
			runOnlyForDeploymentPostprocessing = 0;
		};
		1C518EAA2A30A66B00B2C311 /* Sources */ = {
			isa = PBXSourcesBuildPhase;
			buildActionMask = 2147483647;
			files = (
				1C518EB32A30A66B00B2C311 /* LittleLemonResturantAppUITests.swift in Sources */,
				1C518EB52A30A66B00B2C311 /* LittleLemonResturantAppUITestsLaunchTests.swift in Sources */,
			);
			runOnlyForDeploymentPostprocessing = 0;
		};
/* End PBXSourcesBuildPhase section */

/* Begin PBXTargetDependency section */
		1C518EA62A30A66B00B2C311 /* PBXTargetDependency */ = {
			isa = PBXTargetDependency;
			target = 1C518E8D2A30A66900B2C311 /* LittleLemonResturantApp */;
			targetProxy = 1C518EA52A30A66B00B2C311 /* PBXContainerItemProxy */;
		};
		1C518EB02A30A66B00B2C311 /* PBXTargetDependency */ = {
			isa = PBXTargetDependency;
			target = 1C518E8D2A30A66900B2C311 /* LittleLemonResturantApp */;
			targetProxy = 1C518EAF2A30A66B00B2C311 /* PBXContainerItemProxy */;
		};
/* End PBXTargetDependency section */

/* Begin XCBuildConfiguration section */
		1C518EB62A30A66B00B2C311 /* Debug */ = {
			isa = XCBuildConfiguration;
			buildSettings = {
				ALWAYS_SEARCH_USER_PATHS = NO;
				CLANG_ANALYZER_NONNULL = YES;
				CLANG_ANALYZER_NUMBER_OBJECT_CONVERSION = YES_AGGRESSIVE;
				CLANG_CXX_LANGUAGE_STANDARD = "gnu++20";
				CLANG_ENABLE_MODULES = YES;
				CLANG_ENABLE_OBJC_ARC = YES;
				CLANG_ENABLE_OBJC_WEAK = YES;
				CLANG_WARN_BLOCK_CAPTURE_AUTORELEASING = YES;
				CLANG_WARN_BOOL_CONVERSION = YES;
				CLANG_WARN_COMMA = YES;
				CLANG_WARN_CONSTANT_CONVERSION = YES;
				CLANG_WARN_DEPRECATED_OBJC_IMPLEMENTATIONS = YES;
				CLANG_WARN_DIRECT_OBJC_ISA_USAGE = YES_ERROR;
				CLANG_WARN_DOCUMENTATION_COMMENTS = YES;
				CLANG_WARN_EMPTY_BODY = YES;
				CLANG_WARN_ENUM_CONVERSION = YES;
				CLANG_WARN_INFINITE_RECURSION = YES;
				CLANG_WARN_INT_CONVERSION = YES;
				CLANG_WARN_NON_LITERAL_NULL_CONVERSION = YES;
				CLANG_WARN_OBJC_IMPLICIT_RETAIN_SELF = YES;
				CLANG_WARN_OBJC_LITERAL_CONVERSION = YES;
				CLANG_WARN_OBJC_ROOT_CLASS = YES_ERROR;
				CLANG_WARN_QUOTED_INCLUDE_IN_FRAMEWORK_HEADER = YES;
				CLANG_WARN_RANGE_LOOP_ANALYSIS = YES;
				CLANG_WARN_STRICT_PROTOTYPES = YES;
				CLANG_WARN_SUSPICIOUS_MOVE = YES;
				CLANG_WARN_UNGUARDED_AVAILABILITY = YES_AGGRESSIVE;
				CLANG_WARN_UNREACHABLE_CODE = YES;
				CLANG_WARN__DUPLICATE_METHOD_MATCH = YES;
				COPY_PHASE_STRIP = NO;
				DEBUG_INFORMATION_FORMAT = dwarf;
				ENABLE_STRICT_OBJC_MSGSEND = YES;
				ENABLE_TESTABILITY = YES;
				GCC_C_LANGUAGE_STANDARD = gnu11;
				GCC_DYNAMIC_NO_PIC = NO;
				GCC_NO_COMMON_BLOCKS = YES;
				GCC_OPTIMIZATION_LEVEL = 0;
				GCC_PREPROCESSOR_DEFINITIONS = (
					"DEBUG=1",
					"$(inherited)",
				);
				GCC_WARN_64_TO_32_BIT_CONVERSION = YES;
				GCC_WARN_ABOUT_RETURN_TYPE = YES_ERROR;
				GCC_WARN_UNDECLARED_SELECTOR = YES;
				GCC_WARN_UNINITIALIZED_AUTOS = YES_AGGRESSIVE;
				GCC_WARN_UNUSED_FUNCTION = YES;
				GCC_WARN_UNUSED_VARIABLE = YES;
				IPHONEOS_DEPLOYMENT_TARGET = 16.4;
				MTL_ENABLE_DEBUG_INFO = INCLUDE_SOURCE;
				MTL_FAST_MATH = YES;
				ONLY_ACTIVE_ARCH = YES;
				SDKROOT = iphoneos;
				SWIFT_ACTIVE_COMPILATION_CONDITIONS = DEBUG;
				SWIFT_OPTIMIZATION_LEVEL = "-Onone";
			};
			name = Debug;
		};
		1C518EB72A30A66B00B2C311 /* Release */ = {
			isa = XCBuildConfiguration;
			buildSettings = {
				ALWAYS_SEARCH_USER_PATHS = NO;
				CLANG_ANALYZER_NONNULL = YES;
				CLANG_ANALYZER_NUMBER_OBJECT_CONVERSION = YES_AGGRESSIVE;
				CLANG_CXX_LANGUAGE_STANDARD = "gnu++20";
				CLANG_ENABLE_MODULES = YES;
				CLANG_ENABLE_OBJC_ARC = YES;
				CLANG_ENABLE_OBJC_WEAK = YES;
				CLANG_WARN_BLOCK_CAPTURE_AUTORELEASING = YES;
				CLANG_WARN_BOOL_CONVERSION = YES;
				CLANG_WARN_COMMA = YES;
				CLANG_WARN_CONSTANT_CONVERSION = YES;
				CLANG_WARN_DEPRECATED_OBJC_IMPLEMENTATIONS = YES;
				CLANG_WARN_DIRECT_OBJC_ISA_USAGE = YES_ERROR;
				CLANG_WARN_DOCUMENTATION_COMMENTS = YES;
				CLANG_WARN_EMPTY_BODY = YES;
				CLANG_WARN_ENUM_CONVERSION = YES;
				CLANG_WARN_INFINITE_RECURSION = YES;
				CLANG_WARN_INT_CONVERSION = YES;
				CLANG_WARN_NON_LITERAL_NULL_CONVERSION = YES;
				CLANG_WARN_OBJC_IMPLICIT_RETAIN_SELF = YES;
				CLANG_WARN_OBJC_LITERAL_CONVERSION = YES;
				CLANG_WARN_OBJC_ROOT_CLASS = YES_ERROR;
				CLANG_WARN_QUOTED_INCLUDE_IN_FRAMEWORK_HEADER = YES;
				CLANG_WARN_RANGE_LOOP_ANALYSIS = YES;
				CLANG_WARN_STRICT_PROTOTYPES = YES;
				CLANG_WARN_SUSPICIOUS_MOVE = YES;
				CLANG_WARN_UNGUARDED_AVAILABILITY = YES_AGGRESSIVE;
				CLANG_WARN_UNREACHABLE_CODE = YES;
				CLANG_WARN__DUPLICATE_METHOD_MATCH = YES;
				COPY_PHASE_STRIP = NO;
				DEBUG_INFORMATION_FORMAT = "dwarf-with-dsym";
				ENABLE_NS_ASSERTIONS = NO;
				ENABLE_STRICT_OBJC_MSGSEND = YES;
				GCC_C_LANGUAGE_STANDARD = gnu11;
				GCC_NO_COMMON_BLOCKS = YES;
				GCC_WARN_64_TO_32_BIT_CONVERSION = YES;
				GCC_WARN_ABOUT_RETURN_TYPE = YES_ERROR;
				GCC_WARN_UNDECLARED_SELECTOR = YES;
				GCC_WARN_UNINITIALIZED_AUTOS = YES_AGGRESSIVE;
				GCC_WARN_UNUSED_FUNCTION = YES;
				GCC_WARN_UNUSED_VARIABLE = YES;
				IPHONEOS_DEPLOYMENT_TARGET = 16.4;
				MTL_ENABLE_DEBUG_INFO = NO;
				MTL_FAST_MATH = YES;
				SDKROOT = iphoneos;
				SWIFT_COMPILATION_MODE = wholemodule;
				SWIFT_OPTIMIZATION_LEVEL = "-O";
				VALIDATE_PRODUCT = YES;
			};
			name = Release;
		};
		1C518EB92A30A66B00B2C311 /* Debug */ = {
			isa = XCBuildConfiguration;
			buildSettings = {
				ASSETCATALOG_COMPILER_APPICON_NAME = AppIcon;
				ASSETCATALOG_COMPILER_GLOBAL_ACCENT_COLOR_NAME = AccentColor;
				CODE_SIGN_STYLE = Automatic;
				CURRENT_PROJECT_VERSION = 1;
				DEVELOPMENT_TEAM = A49PBJ28K2;
				GENERATE_INFOPLIST_FILE = YES;
				INFOPLIST_FILE = LittleLemonResturantApp/Info.plist;
				INFOPLIST_KEY_UIApplicationSupportsIndirectInputEvents = YES;
				INFOPLIST_KEY_UILaunchStoryboardName = LaunchScreen;
				INFOPLIST_KEY_UIMainStoryboardFile = Main;
				INFOPLIST_KEY_UISupportedInterfaceOrientations_iPad = "UIInterfaceOrientationPortrait UIInterfaceOrientationPortraitUpsideDown UIInterfaceOrientationLandscapeLeft UIInterfaceOrientationLandscapeRight";
				INFOPLIST_KEY_UISupportedInterfaceOrientations_iPhone = "UIInterfaceOrientationPortrait UIInterfaceOrientationLandscapeLeft UIInterfaceOrientationLandscapeRight";
				LD_RUNPATH_SEARCH_PATHS = (
					"$(inherited)",
					"@executable_path/Frameworks",
				);
				MARKETING_VERSION = 1.0;
				PRODUCT_BUNDLE_IDENTIFIER = wqd.LittleLemonResturantApp;
				PRODUCT_NAME = "$(TARGET_NAME)";
				SWIFT_EMIT_LOC_STRINGS = YES;
				SWIFT_VERSION = 5.0;
				TARGETED_DEVICE_FAMILY = "1,2";
			};
			name = Debug;
		};
		1C518EBA2A30A66B00B2C311 /* Release */ = {
			isa = XCBuildConfiguration;
			buildSettings = {
				ASSETCATALOG_COMPILER_APPICON_NAME = AppIcon;
				ASSETCATALOG_COMPILER_GLOBAL_ACCENT_COLOR_NAME = AccentColor;
				CODE_SIGN_STYLE = Automatic;
				CURRENT_PROJECT_VERSION = 1;
				DEVELOPMENT_TEAM = A49PBJ28K2;
				GENERATE_INFOPLIST_FILE = YES;
				INFOPLIST_FILE = LittleLemonResturantApp/Info.plist;
				INFOPLIST_KEY_UIApplicationSupportsIndirectInputEvents = YES;
				INFOPLIST_KEY_UILaunchStoryboardName = LaunchScreen;
				INFOPLIST_KEY_UIMainStoryboardFile = Main;
				INFOPLIST_KEY_UISupportedInterfaceOrientations_iPad = "UIInterfaceOrientationPortrait UIInterfaceOrientationPortraitUpsideDown UIInterfaceOrientationLandscapeLeft UIInterfaceOrientationLandscapeRight";
				INFOPLIST_KEY_UISupportedInterfaceOrientations_iPhone = "UIInterfaceOrientationPortrait UIInterfaceOrientationLandscapeLeft UIInterfaceOrientationLandscapeRight";
				LD_RUNPATH_SEARCH_PATHS = (
					"$(inherited)",
					"@executable_path/Frameworks",
				);
				MARKETING_VERSION = 1.0;
				PRODUCT_BUNDLE_IDENTIFIER = wqd.LittleLemonResturantApp;
				PRODUCT_NAME = "$(TARGET_NAME)";
				SWIFT_EMIT_LOC_STRINGS = YES;
				SWIFT_VERSION = 5.0;
				TARGETED_DEVICE_FAMILY = "1,2";
			};
			name = Release;
		};
		1C518EBC2A30A66B00B2C311 /* Debug */ = {
			isa = XCBuildConfiguration;
			buildSettings = {
				BUNDLE_LOADER = "$(TEST_HOST)";
				CODE_SIGN_STYLE = Automatic;
				CURRENT_PROJECT_VERSION = 1;
				DEVELOPMENT_TEAM = A49PBJ28K2;
				GENERATE_INFOPLIST_FILE = YES;
				IPHONEOS_DEPLOYMENT_TARGET = 16.4;
				MARKETING_VERSION = 1.0;
				PRODUCT_BUNDLE_IDENTIFIER = wqd.LittleLemonResturantAppTests;
				PRODUCT_NAME = "$(TARGET_NAME)";
				SWIFT_EMIT_LOC_STRINGS = NO;
				SWIFT_VERSION = 5.0;
				TARGETED_DEVICE_FAMILY = "1,2";
				TEST_HOST = "$(BUILT_PRODUCTS_DIR)/LittleLemonResturantApp.app/$(BUNDLE_EXECUTABLE_FOLDER_PATH)/LittleLemonResturantApp";
			};
			name = Debug;
		};
		1C518EBD2A30A66B00B2C311 /* Release */ = {
			isa = XCBuildConfiguration;
			buildSettings = {
				BUNDLE_LOADER = "$(TEST_HOST)";
				CODE_SIGN_STYLE = Automatic;
				CURRENT_PROJECT_VERSION = 1;
				DEVELOPMENT_TEAM = A49PBJ28K2;
				GENERATE_INFOPLIST_FILE = YES;
				IPHONEOS_DEPLOYMENT_TARGET = 16.4;
				MARKETING_VERSION = 1.0;
				PRODUCT_BUNDLE_IDENTIFIER = wqd.LittleLemonResturantAppTests;
				PRODUCT_NAME = "$(TARGET_NAME)";
				SWIFT_EMIT_LOC_STRINGS = NO;
				SWIFT_VERSION = 5.0;
				TARGETED_DEVICE_FAMILY = "1,2";
				TEST_HOST = "$(BUILT_PRODUCTS_DIR)/LittleLemonResturantApp.app/$(BUNDLE_EXECUTABLE_FOLDER_PATH)/LittleLemonResturantApp";
			};
			name = Release;
		};
		1C518EBF2A30A66B00B2C311 /* Debug */ = {
			isa = XCBuildConfiguration;
			buildSettings = {
				CODE_SIGN_STYLE = Automatic;
				CURRENT_PROJECT_VERSION = 1;
				DEVELOPMENT_TEAM = A49PBJ28K2;
				GENERATE_INFOPLIST_FILE = YES;
				MARKETING_VERSION = 1.0;
				PRODUCT_BUNDLE_IDENTIFIER = wqd.LittleLemonResturantAppUITests;
				PRODUCT_NAME = "$(TARGET_NAME)";
				SWIFT_EMIT_LOC_STRINGS = NO;
				SWIFT_VERSION = 5.0;
				TARGETED_DEVICE_FAMILY = "1,2";
				TEST_TARGET_NAME = LittleLemonResturantApp;
			};
			name = Debug;
		};
		1C518EC02A30A66B00B2C311 /* Release */ = {
			isa = XCBuildConfiguration;
			buildSettings = {
				CODE_SIGN_STYLE = Automatic;
				CURRENT_PROJECT_VERSION = 1;
				DEVELOPMENT_TEAM = A49PBJ28K2;
				GENERATE_INFOPLIST_FILE = YES;
				MARKETING_VERSION = 1.0;
				PRODUCT_BUNDLE_IDENTIFIER = wqd.LittleLemonResturantAppUITests;
				PRODUCT_NAME = "$(TARGET_NAME)";
				SWIFT_EMIT_LOC_STRINGS = NO;
				SWIFT_VERSION = 5.0;
				TARGETED_DEVICE_FAMILY = "1,2";
				TEST_TARGET_NAME = LittleLemonResturantApp;
			};
			name = Release;
		};
/* End XCBuildConfiguration section */

/* Begin XCConfigurationList section */
		1C518E892A30A66900B2C311 /* Build configuration list for PBXProject "LittleLemonResturantApp" */ = {
			isa = XCConfigurationList;
			buildConfigurations = (
				1C518EB62A30A66B00B2C311 /* Debug */,
				1C518EB72A30A66B00B2C311 /* Release */,
			);
			defaultConfigurationIsVisible = 0;
			defaultConfigurationName = Release;
		};
		1C518EB82A30A66B00B2C311 /* Build configuration list for PBXNativeTarget "LittleLemonResturantApp" */ = {
			isa = XCConfigurationList;
			buildConfigurations = (
				1C518EB92A30A66B00B2C311 /* Debug */,
				1C518EBA2A30A66B00B2C311 /* Release */,
			);
			defaultConfigurationIsVisible = 0;
			defaultConfigurationName = Release;
		};
		1C518EBB2A30A66B00B2C311 /* Build configuration list for PBXNativeTarget "LittleLemonResturantAppTests" */ = {
			isa = XCConfigurationList;
			buildConfigurations = (
				1C518EBC2A30A66B00B2C311 /* Debug */,
				1C518EBD2A30A66B00B2C311 /* Release */,
			);
			defaultConfigurationIsVisible = 0;
			defaultConfigurationName = Release;
		};
		1C518EBE2A30A66B00B2C311 /* Build configuration list for PBXNativeTarget "LittleLemonResturantAppUITests" */ = {
			isa = XCConfigurationList;
			buildConfigurations = (
				1C518EBF2A30A66B00B2C311 /* Debug */,
				1C518EC02A30A66B00B2C311 /* Release */,
			);
			defaultConfigurationIsVisible = 0;
			defaultConfigurationName = Release;
		};
/* End XCConfigurationList section */
	};
	rootObject = 1C518E862A30A66900B2C311 /* Project object */;
}
